
Microsoft Visual Studio Solution File, Format Version 12.00
# Visual Studio Version 16
VisualStudioVersion = 16.0.34031.81
MinimumVisualStudioVersion = 10.0.40219.1
Project("{FAE04EC0-301F-11D3-BF4B-00C04F79EFBC}") = "gUI_Control_Robot", "gUI_Control_Robot\gUI_Control_Robot.csproj", "{BBFC87A3-099C-4956-9D29-A826AB65530B}"
EndProject
Global
	GlobalSection(SolutionConfigurationPlatforms) = preSolution
		Debug|Any CPU = Debug|Any CPU
		Release|Any CPU = Release|Any CPU
	EndGlobalSection
	GlobalSection(ProjectConfigurationPlatforms) = postSolution
		{BBFC87A3-099C-4956-9D29-A826AB65530B}.Debug|Any CPU.ActiveCfg = Debug|Any CPU
		{BBFC87A3-099C-4956-9D29-A826AB65530B}.Debug|Any CPU.Build.0 = Debug|Any CPU
		{BBFC87A3-099C-4956-9D29-A826AB65530B}.Release|Any CPU.ActiveCfg = Release|Any CPU
		{BBFC87A3-099C-4956-9D29-A826AB65530B}.Release|Any CPU.Build.0 = Release|Any CPU
	EndGlobalSection
	GlobalSection(SolutionProperties) = preSolution
		HideSolutionNode = FALSE
	EndGlobalSection
	GlobalSection(ExtensibilityGlobals) = postSolution
		SolutionGuid = {B1D96F10-A6D8-46D4-B0DF-6826CF261FE5}
	EndGlobalSection
EndGlobal
